// !$*UTF8*$!
{
	archiveVersion = 1;
	classes = {
	};
	objectVersion = 46;
	objects = {

/* Begin PBXBuildFile section */
		34436CFE1F642A66004DD16E /* Assets.xcassets in Resources */ = {isa = PBXBuildFile; fileRef = 34436CFD1F642A66004DD16E /* Assets.xcassets */; };
		34436D0F1F6431CD004DD16E /* Cocoa.framework in Frameworks */ = {isa = PBXBuildFile; fileRef = 34436D0E1F6431CD004DD16E /* Cocoa.framework */; settings = {ATTRIBUTES = (Required, ); }; };
		34436D111F6431D3004DD16E /* OpenGL.framework in Frameworks */ = {isa = PBXBuildFile; fileRef = 34436D101F6431D3004DD16E /* OpenGL.framework */; settings = {ATTRIBUTES = (Required, ); }; };
		346399371F7C93AB007E37F2 /* AudioToolbox.framework in Frameworks */ = {isa = PBXBuildFile; fileRef = 346399361F7C93AB007E37F2 /* AudioToolbox.framework */; };
		346FB0DC201EA50000CAD8E5 /* log.cpp in Sources */ = {isa = PBXBuildFile; fileRef = 346FB0DB201EA50000CAD8E5 /* log.cpp */; };
		34A37FDC1F68AD73005ACF7B /* arctic_platform_windows.cpp in Sources */ = {isa = PBXBuildFile; fileRef = 34A37FB41F68AD73005ACF7B /* arctic_platform_windows.cpp */; };
		34A37FDD1F68AD73005ACF7B /* easy.cpp in Sources */ = {isa = PBXBuildFile; fileRef = 34A37FB61F68AD73005ACF7B /* easy.cpp */; };
		34A37FDE1F68AD73005ACF7B /* arctic_platform_macosx.mm in Sources */ = {isa = PBXBuildFile; fileRef = 34A37FB71F68AD73005ACF7B /* arctic_platform_macosx.mm */; };
		34A37FDF1F68AD73005ACF7B /* easy_sprite.cpp in Sources */ = {isa = PBXBuildFile; fileRef = 34A37FB81F68AD73005ACF7B /* easy_sprite.cpp */; };
		34A37FE01F68AD73005ACF7B /* easy_sprite_instance.cpp in Sources */ = {isa = PBXBuildFile; fileRef = 34A37FBD1F68AD73005ACF7B /* easy_sprite_instance.cpp */; };
		34A37FE11F68AD73005ACF7B /* engine.cpp in Sources */ = {isa = PBXBuildFile; fileRef = 34A37FBE1F68AD73005ACF7B /* engine.cpp */; };
		34A37FE21F68AD73005ACF7B /* easy_sound_instance.cpp in Sources */ = {isa = PBXBuildFile; fileRef = 34A37FBF1F68AD73005ACF7B /* easy_sound_instance.cpp */; };
		34A37FE31F68AD73005ACF7B /* easy_sound.cpp in Sources */ = {isa = PBXBuildFile; fileRef = 34A37FC11F68AD73005ACF7B /* easy_sound.cpp */; };
		34A37FE51F68AD73005ACF7B /* arctic_input.cpp in Sources */ = {isa = PBXBuildFile; fileRef = 34A37FD21F68AD73005ACF7B /* arctic_input.cpp */; };
		34A37FE61F68AD73005ACF7B /* arctic_math.cpp in Sources */ = {isa = PBXBuildFile; fileRef = 34A37FD81F68AD73005ACF7B /* arctic_math.cpp */; };
		34AA9D3A25F560F50017F271 /* GameController.framework in Frameworks */ = {isa = PBXBuildFile; fileRef = 34AA9D3925F560F50017F271 /* GameController.framework */; };
		34C1595A200199EF0029160F /* font.cpp in Sources */ = {isa = PBXBuildFile; fileRef = 34C15959200199EF0029160F /* font.cpp */; };
		34C1597B20019B5C0029160F /* data in Resources */ = {isa = PBXBuildFile; fileRef = 34C1597920019B5C0029160F /* data */; };
		34C1597C20019B5C0029160F /* main.cpp in Sources */ = {isa = PBXBuildFile; fileRef = 34C1597A20019B5C0029160F /* main.cpp */; };
		86501C2FDA7B08F0D6A70A7A /* skeleton.cpp in Sources */ = {isa = PBXBuildFile; fileRef = D705F686E187D708E995971E /* skeleton.cpp */; };
		95C9CDDC7275532410A5A981 /* mesh_ply.cpp in Sources */ = {isa = PBXBuildFile; fileRef = F8C7C68462E2C65B9E001218 /* mesh_ply.cpp */; };
		31E2791442A1841284FF5A53 /* mesh_gen_prim_simple.cpp in Sources */ = {isa = PBXBuildFile; fileRef = F3168B1AC45D3210631B4B4B /* mesh_gen_prim_simple.cpp */; };
		5EA438AA4EA852A62C91E130 /* gl_buffer.cpp in Sources */ = {isa = PBXBuildFile; fileRef = C4021DADBEDE2669916CF1CB /* gl_buffer.cpp */; };
		4CD44062B532CA16BF654514 /* dual_complex.cpp in Sources */ = {isa = PBXBuildFile; fileRef = B2B698D84CDF52903CD95EA2 /* dual_complex.cpp */; };
		078E2BEB67583BA839C1057E /* mesh.cpp in Sources */ = {isa = PBXBuildFile; fileRef = E0409C00218E6A78475905C8 /* mesh.cpp */; };
		C385FF770D4C243015C23E97 /* miniz.c in Sources */ = {isa = PBXBuildFile; fileRef = C3E4265DFA29EE07F6F702F8 /* miniz.c */; };
		13197DCD901E704667B496DC /* gl_program.cpp in Sources */ = {isa = PBXBuildFile; fileRef = 9E433FB7245362937BDC5BE5 /* gl_program.cpp */; };
		16608966F9100C881FE5C9B3 /* bitstream.cpp in Sources */ = {isa = PBXBuildFile; fileRef = 8F91FE600954FCEBCBB9E702 /* bitstream.cpp */; };
		03F281D72408C8D0BEFA468C /* easy_hw_sprite.cpp in Sources */ = {isa = PBXBuildFile; fileRef = A84D140B3AF99B9CAA3CEC6B /* easy_hw_sprite.cpp */; };
		4396557B5E44D0586DF5EF88 /* csv.cpp in Sources */ = {isa = PBXBuildFile; fileRef = 0A2833BEBBEE16605BC7E6C1 /* csv.cpp */; };
		287030CBC8D768936C143871 /* mesh_intersect.cpp in Sources */ = {isa = PBXBuildFile; fileRef = E87D37169BA719B9CDD41375 /* mesh_intersect.cpp */; };
		B44FB83AEC52976E9B41D218 /* mesh_gen_mod_simple.cpp in Sources */ = {isa = PBXBuildFile; fileRef = 25962890926FC82DBD90C1B1 /* mesh_gen_mod_simple.cpp */; };
		8530D0675FE1DF2D0B3DE484 /* gl_framebuffer.cpp in Sources */ = {isa = PBXBuildFile; fileRef = 4444EBC2B5E8967FF3D0062A /* gl_framebuffer.cpp */; };
		AF47A313BC1F26266F40641E /* arctic_platform_windows_tcpip.cpp in Sources */ = {isa = PBXBuildFile; fileRef = 7905AC5429F286862275074D /* arctic_platform_windows_tcpip.cpp */; };
		9648724F5AF3715645910D34 /* wave_function_collapse.cpp in Sources */ = {isa = PBXBuildFile; fileRef = 776DD2DACCCFD1637557DC55 /* wave_function_collapse.cpp */; };
		DD823B15E6BC981D7B88D2AF /* arctic_platform_pi_tcpip.cpp in Sources */ = {isa = PBXBuildFile; fileRef = 71454185A58BA4B01F0A646C /* arctic_platform_pi_tcpip.cpp */; };
		6BA45E950D07FCC531179ECA /* mesh_gen_adjacency.cpp in Sources */ = {isa = PBXBuildFile; fileRef = 93287DBAD80B23127CF4EE4A /* mesh_gen_adjacency.cpp */; };
		A315D6935ECBB0C6AB093B72 /* arctic_platform_pi_byteorder.cpp in Sources */ = {isa = PBXBuildFile; fileRef = 91064CE5F39EE463E852B46B /* arctic_platform_pi_byteorder.cpp */; };
		6BC0C386A0FC69CD9DF720A5 /* arctic_platform_pi_input.cpp in Sources */ = {isa = PBXBuildFile; fileRef = 86092D5D267F4CE047BEC4EA /* arctic_platform_pi_input.cpp */; };
		B5E6642885AB50DF32FF7D5B /* arctic_mixer.cpp in Sources */ = {isa = PBXBuildFile; fileRef = AAA48E5CE5E442B3967F5B3C /* arctic_mixer.cpp */; };
		5AACE2DA3764D6743BE61C0D /* mtq_spmc_array.cpp in Sources */ = {isa = PBXBuildFile; fileRef = 30E1907182083F90D29DFAFD /* mtq_spmc_array.cpp */; };
		B782302698E6A669A4794D08 /* easy_hw_sprite_instance.cpp in Sources */ = {isa = PBXBuildFile; fileRef = 6FD3BDF8451B87D7788A40E5 /* easy_hw_sprite_instance.cpp */; };
		476BC856D38831D878ECAD39 /* data_reader.cpp in Sources */ = {isa = PBXBuildFile; fileRef = F337C7CC6C7A5F0CBDDF2B7B /* data_reader.cpp */; };
		52B166AA00724A475EE7EF89 /* arctic_platform_pi_es_egl.cpp in Sources */ = {isa = PBXBuildFile; fileRef = 480D34D0D796ED3D9E441529 /* arctic_platform_pi_es_egl.cpp */; };
		14287A02EE019A79D9543452 /* transform3f.cpp in Sources */ = {isa = PBXBuildFile; fileRef = 4D5E2240EA202ADEBE24FFD3 /* transform3f.cpp */; };
		7900F565C15270E3458D7CD9 /* mtq_fixed_block_queue.cpp in Sources */ = {isa = PBXBuildFile; fileRef = 9B84EF0B4BCD119B79BBF94F /* mtq_fixed_block_queue.cpp */; };
		03E42854BC536D7C44B01ED1 /* arctic_platform_pi_fatal.cpp in Sources */ = {isa = PBXBuildFile; fileRef = 36BCCBD576A8B0B3F83FC179 /* arctic_platform_pi_fatal.cpp */; };
		D0ABCA3E429D683D6BA6353B /* gui.cpp in Sources */ = {isa = PBXBuildFile; fileRef = 1DC146CD901840E9475BCF5B /* gui.cpp */; };
		E35427F21216C7AFF381AD09 /* arctic_sound.cpp in Sources */ = {isa = PBXBuildFile; fileRef = 8DA59D4FF036066A6278249D /* arctic_sound.cpp */; };
		B628F027E133BC16AF51A086 /* arctic_platform_macosx_sound.mm in Sources */ = {isa = PBXBuildFile; fileRef = 97A71E723F6EC93F5D6DB358 /* arctic_platform_macosx_sound.mm */; };
		EBA3B396A63F2BE68A41D7A4 /* pugixml.cpp in Sources */ = {isa = PBXBuildFile; fileRef = B97E1882EFF365A685E5CEC3 /* pugixml.cpp */; };
		AFE3EC4348DB87EEBCCFACF1 /* mesh_gen_face_ops.cpp in Sources */ = {isa = PBXBuildFile; fileRef = 26FF70D33DF73604AFEC517E /* mesh_gen_face_ops.cpp */; };
		81E229398E21A8E046BAE05A /* quaternion.cpp in Sources */ = {isa = PBXBuildFile; fileRef = F5522C784E44E57069418E55 /* quaternion.cpp */; };
		4844B813F35D1B998C90A55A /* arctic_platform_pi_filesystem.cpp in Sources */ = {isa = PBXBuildFile; fileRef = BD34824226F1B187CBC0115D /* arctic_platform_pi_filesystem.cpp */; };
		34E02DF025FCBA6D67EEDB94 /* arctic_platform_windows_sound.cpp in Sources */ = {isa = PBXBuildFile; fileRef = C34F0CC20C1D9A0BA5CE4648 /* arctic_platform_windows_sound.cpp */; };
		73206907235969860C145C14 /* arctic_platform_pi_opengl_glx.cpp in Sources */ = {isa = PBXBuildFile; fileRef = 27FB80157537190D6232608B /* arctic_platform_pi_opengl_glx.cpp */; };
		D7FA2489A8846CAA24B85EBB /* gl_texture2d.cpp in Sources */ = {isa = PBXBuildFile; fileRef = EE678FE0F616E609964437A8 /* gl_texture2d.cpp */; };
		2F99A6DDB87BA84450E0152F /* mesh_gen_ite_simple.cpp in Sources */ = {isa = PBXBuildFile; fileRef = 1B5364F0E4D086740B44EB91 /* mesh_gen_ite_simple.cpp */; };
		A53CDCFC18C164628D3BF220 /* mesh_obj.cpp in Sources */ = {isa = PBXBuildFile; fileRef = EF5DB78EA0489CB59373DB94 /* mesh_obj.cpp */; };
		1D476DD93A6597688D247E25 /* data_writer.cpp in Sources */ = {isa = PBXBuildFile; fileRef = D5ED6414B59CBEBA641BDDD7 /* data_writer.cpp */; };
		A70163B298EC8419260E32FD /* sound_handle.cpp in Sources */ = {isa = PBXBuildFile; fileRef = 549A01E67F16204FF390189D /* sound_handle.cpp */; };
		33CB46DB02F8751E2AE2C658 /* ofbx.cpp in Sources */ = {isa = PBXBuildFile; fileRef = 605D361EE09C5FF85A526F49 /* ofbx.cpp */; };
		DCB79521830A4424400BD15E /* arctic_platform_pi_sound.cpp in Sources */ = {isa = PBXBuildFile; fileRef = 76F858B0FDECEF8313D69904 /* arctic_platform_pi_sound.cpp */; };
		16639B4C78E0B2CB3795A52A /* mesh_gen_mod_complex.cpp in Sources */ = {isa = PBXBuildFile; fileRef = 91B66181401C817DFDC6072C /* mesh_gen_mod_complex.cpp */; };
		D311369C294D6761260BD289 /* unicode.cpp in Sources */ = {isa = PBXBuildFile; fileRef = AEF704621D48772C90F56828 /* unicode.cpp */; };
		48F49FD6F7A58B0094F30AD2 /* gl_state.cpp in Sources */ = {isa = PBXBuildFile; fileRef = 11E5A50D301021163D76D5C0 /* gl_state.cpp */; };
/* End PBXBuildFile section */

/* Begin PBXFileReference section */
		34436CF11F642A66004DD16E /* simulation_fail_disks.app */ = {isa = PBXFileReference; explicitFileType = wrapper.application; includeInIndex = 0; path = simulation_fail_disks.app; sourceTree = BUILT_PRODUCTS_DIR; };
		34436CFD1F642A66004DD16E /* Assets.xcassets */ = {isa = PBXFileReference; lastKnownFileType = folder.assetcatalog; name = Assets.xcassets; path = simulation_fail_disks/Assets.xcassets; sourceTree = "<group>"; };
		34436D021F642A66004DD16E /* Info.plist */ = {isa = PBXFileReference; lastKnownFileType = text.plist.xml; name = Info.plist; path = simulation_fail_disks/Info.plist; sourceTree = "<group>"; };
		34436D0E1F6431CD004DD16E /* Cocoa.framework */ = {isa = PBXFileReference; lastKnownFileType = wrapper.framework; name = Cocoa.framework; path = System/Library/Frameworks/Cocoa.framework; sourceTree = SDKROOT; };
		34436D101F6431D3004DD16E /* OpenGL.framework */ = {isa = PBXFileReference; lastKnownFileType = wrapper.framework; name = OpenGL.framework; path = System/Library/Frameworks/OpenGL.framework; sourceTree = SDKROOT; };
		346399361F7C93AB007E37F2 /* AudioToolbox.framework */ = {isa = PBXFileReference; lastKnownFileType = wrapper.framework; name = AudioToolbox.framework; path = System/Library/Frameworks/AudioToolbox.framework; sourceTree = SDKROOT; };
		346FB0DA201EA50000CAD8E5 /* log.h */ = {isa = PBXFileReference; fileEncoding = 4; lastKnownFileType = sourcecode.c.h; name = log.h; path = ../arctic/engine/log.h; sourceTree = SOURCE_ROOT; };
		346FB0DB201EA50000CAD8E5 /* log.cpp */ = {isa = PBXFileReference; fileEncoding = 4; lastKnownFileType = sourcecode.cpp.cpp; name = log.cpp; path = ../arctic/engine/log.cpp; sourceTree = SOURCE_ROOT; };
		34A37FB31F68AD73005ACF7B /* stb_vorbis.inc */ = {isa = PBXFileReference; explicitFileType = sourcecode.c.h; fileEncoding = 4; name = stb_vorbis.inc; path = ../arctic/engine/stb_vorbis.inc; sourceTree = SOURCE_ROOT; };
		34A37FB41F68AD73005ACF7B /* arctic_platform_windows.cpp */ = {isa = PBXFileReference; fileEncoding = 4; lastKnownFileType = sourcecode.cpp.cpp; name = arctic_platform_windows.cpp; path = ../arctic/engine/arctic_platform_windows.cpp; sourceTree = SOURCE_ROOT; };
		34A37FB51F68AD73005ACF7B /* mat44f.h */ = {isa = PBXFileReference; fileEncoding = 4; lastKnownFileType = sourcecode.c.h; name = mat44f.h; path = ../arctic/engine/mat44f.h; sourceTree = SOURCE_ROOT; };
		34A37FB61F68AD73005ACF7B /* easy.cpp */ = {isa = PBXFileReference; fileEncoding = 4; lastKnownFileType = sourcecode.cpp.cpp; name = easy.cpp; path = ../arctic/engine/easy.cpp; sourceTree = SOURCE_ROOT; };
		34A37FB71F68AD73005ACF7B /* arctic_platform_macosx.mm */ = {isa = PBXFileReference; fileEncoding = 4; lastKnownFileType = sourcecode.cpp.objcpp; name = arctic_platform_macosx.mm; path = ../arctic/engine/arctic_platform_macosx.mm; sourceTree = SOURCE_ROOT; };
		34A37FB81F68AD73005ACF7B /* easy_sprite.cpp */ = {isa = PBXFileReference; fileEncoding = 4; lastKnownFileType = sourcecode.cpp.cpp; name = easy_sprite.cpp; path = ../arctic/engine/easy_sprite.cpp; sourceTree = SOURCE_ROOT; };
		34A37FB91F68AD73005ACF7B /* vec3f.h */ = {isa = PBXFileReference; fileEncoding = 4; lastKnownFileType = sourcecode.c.h; name = vec3f.h; path = ../arctic/engine/vec3f.h; sourceTree = SOURCE_ROOT; };
		34A37FBA1F68AD73005ACF7B /* frustum3f.h */ = {isa = PBXFileReference; fileEncoding = 4; lastKnownFileType = sourcecode.c.h; name = frustum3f.h; path = ../arctic/engine/frustum3f.h; sourceTree = SOURCE_ROOT; };
		34A37FBB1F68AD73005ACF7B /* vec4f.h */ = {isa = PBXFileReference; fileEncoding = 4; lastKnownFileType = sourcecode.c.h; name = vec4f.h; path = ../arctic/engine/vec4f.h; sourceTree = SOURCE_ROOT; };
		34A37FBC1F68AD73005ACF7B /* bound3f.h */ = {isa = PBXFileReference; fileEncoding = 4; lastKnownFileType = sourcecode.c.h; name = bound3f.h; path = ../arctic/engine/bound3f.h; sourceTree = SOURCE_ROOT; };
		34A37FBD1F68AD73005ACF7B /* easy_sprite_instance.cpp */ = {isa = PBXFileReference; fileEncoding = 4; lastKnownFileType = sourcecode.cpp.cpp; name = easy_sprite_instance.cpp; path = ../arctic/engine/easy_sprite_instance.cpp; sourceTree = SOURCE_ROOT; };
		34A37FBE1F68AD73005ACF7B /* engine.cpp */ = {isa = PBXFileReference; fileEncoding = 4; lastKnownFileType = sourcecode.cpp.cpp; name = engine.cpp; path = ../arctic/engine/engine.cpp; sourceTree = SOURCE_ROOT; };
		34A37FBF1F68AD73005ACF7B /* easy_sound_instance.cpp */ = {isa = PBXFileReference; fileEncoding = 4; lastKnownFileType = sourcecode.cpp.cpp; name = easy_sound_instance.cpp; path = ../arctic/engine/easy_sound_instance.cpp; sourceTree = SOURCE_ROOT; };
		34A37FC01F68AD73005ACF7B /* mat33f.h */ = {isa = PBXFileReference; fileEncoding = 4; lastKnownFileType = sourcecode.c.h; name = mat33f.h; path = ../arctic/engine/mat33f.h; sourceTree = SOURCE_ROOT; };
		34A37FC11F68AD73005ACF7B /* easy_sound.cpp */ = {isa = PBXFileReference; fileEncoding = 4; lastKnownFileType = sourcecode.cpp.cpp; name = easy_sound.cpp; path = ../arctic/engine/easy_sound.cpp; sourceTree = SOURCE_ROOT; };
		34A37FC21F68AD73005ACF7B /* vec4si32.h */ = {isa = PBXFileReference; fileEncoding = 4; lastKnownFileType = sourcecode.c.h; name = vec4si32.h; path = ../arctic/engine/vec4si32.h; sourceTree = SOURCE_ROOT; };
		34A37FC31F68AD73005ACF7B /* vec2f.h */ = {isa = PBXFileReference; fileEncoding = 4; lastKnownFileType = sourcecode.c.h; name = vec2f.h; path = ../arctic/engine/vec2f.h; sourceTree = SOURCE_ROOT; };
		34A37FC41F68AD73005ACF7B /* vec3si32.h */ = {isa = PBXFileReference; fileEncoding = 4; lastKnownFileType = sourcecode.c.h; name = vec3si32.h; path = ../arctic/engine/vec3si32.h; sourceTree = SOURCE_ROOT; };
		34A37FC51F68AD73005ACF7B /* arctic_input.h */ = {isa = PBXFileReference; fileEncoding = 4; lastKnownFileType = sourcecode.c.h; name = arctic_input.h; path = ../arctic/engine/arctic_input.h; sourceTree = SOURCE_ROOT; };
		34A37FC61F68AD73005ACF7B /* vec2si32.h */ = {isa = PBXFileReference; fileEncoding = 4; lastKnownFileType = sourcecode.c.h; name = vec2si32.h; path = ../arctic/engine/vec2si32.h; sourceTree = SOURCE_ROOT; };
		34A37FC71F68AD73005ACF7B /* easy_sprite.h */ = {isa = PBXFileReference; fileEncoding = 4; lastKnownFileType = sourcecode.c.h; name = easy_sprite.h; path = ../arctic/engine/easy_sprite.h; sourceTree = SOURCE_ROOT; };
		34A37FC81F68AD73005ACF7B /* bound2f.h */ = {isa = PBXFileReference; fileEncoding = 4; lastKnownFileType = sourcecode.c.h; name = bound2f.h; path = ../arctic/engine/bound2f.h; sourceTree = SOURCE_ROOT; };
		34A37FC91F68AD73005ACF7B /* easy.h */ = {isa = PBXFileReference; fileEncoding = 4; lastKnownFileType = sourcecode.c.h; name = easy.h; path = ../arctic/engine/easy.h; sourceTree = SOURCE_ROOT; };
		34A37FCB1F68AD73005ACF7B /* rgba.h */ = {isa = PBXFileReference; fileEncoding = 4; lastKnownFileType = sourcecode.c.h; name = rgba.h; path = ../arctic/engine/rgba.h; sourceTree = SOURCE_ROOT; };
		34A37FCC1F68AD73005ACF7B /* rgb.h */ = {isa = PBXFileReference; fileEncoding = 4; lastKnownFileType = sourcecode.c.h; name = rgb.h; path = ../arctic/engine/rgb.h; sourceTree = SOURCE_ROOT; };
		34A37FCD1F68AD73005ACF7B /* engine.h */ = {isa = PBXFileReference; fileEncoding = 4; lastKnownFileType = sourcecode.c.h; name = engine.h; path = ../arctic/engine/engine.h; sourceTree = SOURCE_ROOT; };
		34A37FCE1F68AD73005ACF7B /* easy_sound.h */ = {isa = PBXFileReference; fileEncoding = 4; lastKnownFileType = sourcecode.c.h; name = easy_sound.h; path = ../arctic/engine/easy_sound.h; sourceTree = SOURCE_ROOT; };
		34A37FCF1F68AD73005ACF7B /* mat22f.h */ = {isa = PBXFileReference; fileEncoding = 4; lastKnownFileType = sourcecode.c.h; name = mat22f.h; path = ../arctic/engine/mat22f.h; sourceTree = SOURCE_ROOT; };
		34A37FD01F68AD73005ACF7B /* easy_sound_instance.h */ = {isa = PBXFileReference; fileEncoding = 4; lastKnownFileType = sourcecode.c.h; name = easy_sound_instance.h; path = ../arctic/engine/easy_sound_instance.h; sourceTree = SOURCE_ROOT; };
		34A37FD11F68AD73005ACF7B /* arctic_platform.h */ = {isa = PBXFileReference; fileEncoding = 4; lastKnownFileType = sourcecode.c.h; name = arctic_platform.h; path = ../arctic/engine/arctic_platform.h; sourceTree = SOURCE_ROOT; };
		34A37FD21F68AD73005ACF7B /* arctic_input.cpp */ = {isa = PBXFileReference; fileEncoding = 4; lastKnownFileType = sourcecode.cpp.cpp; name = arctic_input.cpp; path = ../arctic/engine/arctic_input.cpp; sourceTree = SOURCE_ROOT; };
		34A37FD31F68AD73005ACF7B /* easy_sprite_instance.h */ = {isa = PBXFileReference; fileEncoding = 4; lastKnownFileType = sourcecode.c.h; name = easy_sprite_instance.h; path = ../arctic/engine/easy_sprite_instance.h; sourceTree = SOURCE_ROOT; };
		34A37FD41F68AD73005ACF7B /* arctic_math.h */ = {isa = PBXFileReference; fileEncoding = 4; lastKnownFileType = sourcecode.c.h; name = arctic_math.h; path = ../arctic/engine/arctic_math.h; sourceTree = SOURCE_ROOT; };
		34A37FD61F68AD73005ACF7B /* scalar_math.h */ = {isa = PBXFileReference; fileEncoding = 4; lastKnownFileType = sourcecode.c.h; name = scalar_math.h; path = ../arctic/engine/scalar_math.h; sourceTree = SOURCE_ROOT; };
		34A37FD71F68AD73005ACF7B /* opengl.h */ = {isa = PBXFileReference; fileEncoding = 4; lastKnownFileType = sourcecode.c.h; name = opengl.h; path = ../arctic/engine/opengl.h; sourceTree = SOURCE_ROOT; };
		34A37FD81F68AD73005ACF7B /* arctic_math.cpp */ = {isa = PBXFileReference; fileEncoding = 4; lastKnownFileType = sourcecode.cpp.cpp; name = arctic_math.cpp; path = ../arctic/engine/arctic_math.cpp; sourceTree = SOURCE_ROOT; };
		34A37FD91F68AD73005ACF7B /* arctic_types.h */ = {isa = PBXFileReference; fileEncoding = 4; lastKnownFileType = sourcecode.c.h; name = arctic_types.h; path = ../arctic/engine/arctic_types.h; sourceTree = SOURCE_ROOT; };
		34A37FDA1F68AD73005ACF7B /* arctic_platform_def.h */ = {isa = PBXFileReference; fileEncoding = 4; lastKnownFileType = sourcecode.c.h; name = arctic_platform_def.h; path = ../arctic/engine/arctic_platform_def.h; sourceTree = SOURCE_ROOT; };
		34AA9D3925F560F50017F271 /* GameController.framework */ = {isa = PBXFileReference; lastKnownFileType = wrapper.framework; name = GameController.framework; path = System/Library/Frameworks/GameController.framework; sourceTree = SDKROOT; };
		34C15959200199EF0029160F /* font.cpp */ = {isa = PBXFileReference; fileEncoding = 4; lastKnownFileType = sourcecode.cpp.cpp; name = font.cpp; path = ../arctic/engine/font.cpp; sourceTree = SOURCE_ROOT; };
		34C1597920019B5C0029160F /* data */ = {isa = PBXFileReference; lastKnownFileType = folder; path = data; sourceTree = SOURCE_ROOT; };
		34C1597A20019B5C0029160F /* main.cpp */ = {isa = PBXFileReference; fileEncoding = 4; lastKnownFileType = sourcecode.cpp.cpp; path = main.cpp; sourceTree = SOURCE_ROOT; };
		34C5F3111FD4E22300A03FA2 /* font.h */ = {isa = PBXFileReference; fileEncoding = 4; lastKnownFileType = sourcecode.c.h; name = font.h; path = ../arctic/engine/font.h; sourceTree = SOURCE_ROOT; };
		29D0D21D3FEC4B14610760F4 /* mesh_gen_face_ops.h */ = {isa = PBXFileReference; fileEncoding = 4; lastKnownFileType = sourcecode.c.h; name = mesh_gen_face_ops.h; path = ../arctic/engine/mesh_gen_face_ops.h; sourceTree = SOURCE_ROOT; };
		A20D313075FDE9973021544D /* csv.h */ = {isa = PBXFileReference; fileEncoding = 4; lastKnownFileType = sourcecode.c.h; name = csv.h; path = ../arctic/engine/csv.h; sourceTree = SOURCE_ROOT; };
		D705F686E187D708E995971E /* skeleton.cpp */ = {isa = PBXFileReference; fileEncoding = 4; lastKnownFileType = sourcecode.cpp.cpp; name = skeleton.cpp; path = ../arctic/engine/skeleton.cpp; sourceTree = SOURCE_ROOT; };
		F777078CC105CC64A7D8E0AE /* dual_complex.h */ = {isa = PBXFileReference; fileEncoding = 4; lastKnownFileType = sourcecode.c.h; name = dual_complex.h; path = ../arctic/engine/dual_complex.h; sourceTree = SOURCE_ROOT; };
		AD7525000098C55A9E7BE09A /* easy_input.h */ = {isa = PBXFileReference; fileEncoding = 4; lastKnownFileType = sourcecode.c.h; name = easy_input.h; path = ../arctic/engine/easy_input.h; sourceTree = SOURCE_ROOT; };
		F8C7C68462E2C65B9E001218 /* mesh_ply.cpp */ = {isa = PBXFileReference; fileEncoding = 4; lastKnownFileType = sourcecode.cpp.cpp; name = mesh_ply.cpp; path = ../arctic/engine/mesh_ply.cpp; sourceTree = SOURCE_ROOT; };
		D4A31126A56D1EA0DC8B6296 /* easy_util.h */ = {isa = PBXFileReference; fileEncoding = 4; lastKnownFileType = sourcecode.c.h; name = easy_util.h; path = ../arctic/engine/easy_util.h; sourceTree = SOURCE_ROOT; };
		D7CA31BED72DF3AFC0BC6E1E /* optionparser.h */ = {isa = PBXFileReference; fileEncoding = 4; lastKnownFileType = sourcecode.c.h; name = optionparser.h; path = ../arctic/engine/optionparser.h; sourceTree = SOURCE_ROOT; };
		C4DD034F9ECAFBCCF116AEF4 /* mesh_gen_ite_simple.h */ = {isa = PBXFileReference; fileEncoding = 4; lastKnownFileType = sourcecode.c.h; name = mesh_gen_ite_simple.h; path = ../arctic/engine/mesh_gen_ite_simple.h; sourceTree = SOURCE_ROOT; };
		427A3161F6D12A6A95C50431 /* mesh_ply.h */ = {isa = PBXFileReference; fileEncoding = 4; lastKnownFileType = sourcecode.c.h; name = mesh_ply.h; path = ../arctic/engine/mesh_ply.h; sourceTree = SOURCE_ROOT; };
		F3168B1AC45D3210631B4B4B /* mesh_gen_prim_simple.cpp */ = {isa = PBXFileReference; fileEncoding = 4; lastKnownFileType = sourcecode.cpp.cpp; name = mesh_gen_prim_simple.cpp; path = ../arctic/engine/mesh_gen_prim_simple.cpp; sourceTree = SOURCE_ROOT; };
		C4021DADBEDE2669916CF1CB /* gl_buffer.cpp */ = {isa = PBXFileReference; fileEncoding = 4; lastKnownFileType = sourcecode.cpp.cpp; name = gl_buffer.cpp; path = ../arctic/engine/gl_buffer.cpp; sourceTree = SOURCE_ROOT; };
		DD8C8CD7327A1EA188569BAD /* mesh_gen_mod_complex.h */ = {isa = PBXFileReference; fileEncoding = 4; lastKnownFileType = sourcecode.c.h; name = mesh_gen_mod_complex.h; path = ../arctic/engine/mesh_gen_mod_complex.h; sourceTree = SOURCE_ROOT; };
		B2B698D84CDF52903CD95EA2 /* dual_complex.cpp */ = {isa = PBXFileReference; fileEncoding = 4; lastKnownFileType = sourcecode.cpp.cpp; name = dual_complex.cpp; path = ../arctic/engine/dual_complex.cpp; sourceTree = SOURCE_ROOT; };
		B5D6965CE71E067D5E8CF173 /* wave_function_collapse.h */ = {isa = PBXFileReference; fileEncoding = 4; lastKnownFileType = sourcecode.c.h; name = wave_function_collapse.h; path = ../arctic/engine/wave_function_collapse.h; sourceTree = SOURCE_ROOT; };
		E0409C00218E6A78475905C8 /* mesh.cpp */ = {isa = PBXFileReference; fileEncoding = 4; lastKnownFileType = sourcecode.cpp.cpp; name = mesh.cpp; path = ../arctic/engine/mesh.cpp; sourceTree = SOURCE_ROOT; };
		D23A47751056DD5E8FB16FAE /* data_reader.h */ = {isa = PBXFileReference; fileEncoding = 4; lastKnownFileType = sourcecode.c.h; name = data_reader.h; path = ../arctic/engine/data_reader.h; sourceTree = SOURCE_ROOT; };
		DDF3D6ED84A8BBFE149C3AFE /* easing.h */ = {isa = PBXFileReference; fileEncoding = 4; lastKnownFileType = sourcecode.c.h; name = easing.h; path = ../arctic/engine/easing.h; sourceTree = SOURCE_ROOT; };
		C3E4265DFA29EE07F6F702F8 /* miniz.c */ = {isa = PBXFileReference; fileEncoding = 4; lastKnownFileType = sourcecode.cpp.cpp; name = miniz.c; path = ../arctic/engine/miniz.c; sourceTree = SOURCE_ROOT; };
		66AF39A1F3EC5B8AFDD43958 /* arctic_platform_fatal.h */ = {isa = PBXFileReference; fileEncoding = 4; lastKnownFileType = sourcecode.c.h; name = arctic_platform_fatal.h; path = ../arctic/engine/arctic_platform_fatal.h; sourceTree = SOURCE_ROOT; };
		9E433FB7245362937BDC5BE5 /* gl_program.cpp */ = {isa = PBXFileReference; fileEncoding = 4; lastKnownFileType = sourcecode.cpp.cpp; name = gl_program.cpp; path = ../arctic/engine/gl_program.cpp; sourceTree = SOURCE_ROOT; };
		8F91FE600954FCEBCBB9E702 /* bitstream.cpp */ = {isa = PBXFileReference; fileEncoding = 4; lastKnownFileType = sourcecode.cpp.cpp; name = bitstream.cpp; path = ../arctic/engine/bitstream.cpp; sourceTree = SOURCE_ROOT; };
		A84D140B3AF99B9CAA3CEC6B /* easy_hw_sprite.cpp */ = {isa = PBXFileReference; fileEncoding = 4; lastKnownFileType = sourcecode.cpp.cpp; name = easy_hw_sprite.cpp; path = ../arctic/engine/easy_hw_sprite.cpp; sourceTree = SOURCE_ROOT; };
		210C777D4FDF38A57F5496E0 /* mtq_fixed_block_queue.h */ = {isa = PBXFileReference; fileEncoding = 4; lastKnownFileType = sourcecode.c.h; name = mtq_fixed_block_queue.h; path = ../arctic/engine/mtq_fixed_block_queue.h; sourceTree = SOURCE_ROOT; };
		0A2833BEBBEE16605BC7E6C1 /* csv.cpp */ = {isa = PBXFileReference; fileEncoding = 4; lastKnownFileType = sourcecode.cpp.cpp; name = csv.cpp; path = ../arctic/engine/csv.cpp; sourceTree = SOURCE_ROOT; };
		8DB9ADBF761123E667183A25 /* decorated_frame.h */ = {isa = PBXFileReference; fileEncoding = 4; lastKnownFileType = sourcecode.c.h; name = decorated_frame.h; path = ../arctic/engine/decorated_frame.h; sourceTree = SOURCE_ROOT; };
		E87D37169BA719B9CDD41375 /* mesh_intersect.cpp */ = {isa = PBXFileReference; fileEncoding = 4; lastKnownFileType = sourcecode.cpp.cpp; name = mesh_intersect.cpp; path = ../arctic/engine/mesh_intersect.cpp; sourceTree = SOURCE_ROOT; };
		25962890926FC82DBD90C1B1 /* mesh_gen_mod_simple.cpp */ = {isa = PBXFileReference; fileEncoding = 4; lastKnownFileType = sourcecode.cpp.cpp; name = mesh_gen_mod_simple.cpp; path = ../arctic/engine/mesh_gen_mod_simple.cpp; sourceTree = SOURCE_ROOT; };
		1D3462042DC6F130E5190C0A /* gl_texture2d.h */ = {isa = PBXFileReference; fileEncoding = 4; lastKnownFileType = sourcecode.c.h; name = gl_texture2d.h; path = ../arctic/engine/gl_texture2d.h; sourceTree = SOURCE_ROOT; };
		4444EBC2B5E8967FF3D0062A /* gl_framebuffer.cpp */ = {isa = PBXFileReference; fileEncoding = 4; lastKnownFileType = sourcecode.cpp.cpp; name = gl_framebuffer.cpp; path = ../arctic/engine/gl_framebuffer.cpp; sourceTree = SOURCE_ROOT; };
		DB1976A60F4C86FEC2FBB44F /* transform3f.h */ = {isa = PBXFileReference; fileEncoding = 4; lastKnownFileType = sourcecode.c.h; name = transform3f.h; path = ../arctic/engine/transform3f.h; sourceTree = SOURCE_ROOT; };
		270B274F0B1EB559DF64EEE4 /* test_main.h */ = {isa = PBXFileReference; fileEncoding = 4; lastKnownFileType = sourcecode.c.h; name = test_main.h; path = ../arctic/engine/test_main.h; sourceTree = SOURCE_ROOT; };
		7905AC5429F286862275074D /* arctic_platform_windows_tcpip.cpp */ = {isa = PBXFileReference; fileEncoding = 4; lastKnownFileType = sourcecode.cpp.cpp; name = arctic_platform_windows_tcpip.cpp; path = ../arctic/engine/arctic_platform_windows_tcpip.cpp; sourceTree = SOURCE_ROOT; };
		BF0319D64B17FD6A27B068DD /* mesh_gen.h */ = {isa = PBXFileReference; fileEncoding = 4; lastKnownFileType = sourcecode.c.h; name = mesh_gen.h; path = ../arctic/engine/mesh_gen.h; sourceTree = SOURCE_ROOT; };
		776DD2DACCCFD1637557DC55 /* wave_function_collapse.cpp */ = {isa = PBXFileReference; fileEncoding = 4; lastKnownFileType = sourcecode.cpp.cpp; name = wave_function_collapse.cpp; path = ../arctic/engine/wave_function_collapse.cpp; sourceTree = SOURCE_ROOT; };
		71454185A58BA4B01F0A646C /* arctic_platform_pi_tcpip.cpp */ = {isa = PBXFileReference; fileEncoding = 4; lastKnownFileType = sourcecode.cpp.cpp; name = arctic_platform_pi_tcpip.cpp; path = ../arctic/engine/arctic_platform_pi_tcpip.cpp; sourceTree = SOURCE_ROOT; };
		93287DBAD80B23127CF4EE4A /* mesh_gen_adjacency.cpp */ = {isa = PBXFileReference; fileEncoding = 4; lastKnownFileType = sourcecode.cpp.cpp; name = mesh_gen_adjacency.cpp; path = ../arctic/engine/mesh_gen_adjacency.cpp; sourceTree = SOURCE_ROOT; };
		8522C49A59379153AD1750F3 /* vec2d.h */ = {isa = PBXFileReference; fileEncoding = 4; lastKnownFileType = sourcecode.c.h; name = vec2d.h; path = ../arctic/engine/vec2d.h; sourceTree = SOURCE_ROOT; };
		A251B38BD88AF297B24CD403 /* test.h */ = {isa = PBXFileReference; fileEncoding = 4; lastKnownFileType = sourcecode.c.h; name = test.h; path = ../arctic/engine/test.h; sourceTree = SOURCE_ROOT; };
		DD64DE8F3AB75B99A6929141 /* mesh_gen_mod_simple.h */ = {isa = PBXFileReference; fileEncoding = 4; lastKnownFileType = sourcecode.c.h; name = mesh_gen_mod_simple.h; path = ../arctic/engine/mesh_gen_mod_simple.h; sourceTree = SOURCE_ROOT; };
		56F8EA63DBFA1139D78179D1 /* mtq_mpsc_vinfarr.h */ = {isa = PBXFileReference; fileEncoding = 4; lastKnownFileType = sourcecode.c.h; name = mtq_mpsc_vinfarr.h; path = ../arctic/engine/mtq_mpsc_vinfarr.h; sourceTree = SOURCE_ROOT; };
		3720769D48D05602401E4DB6 /* quaternion.h */ = {isa = PBXFileReference; fileEncoding = 4; lastKnownFileType = sourcecode.c.h; name = quaternion.h; path = ../arctic/engine/quaternion.h; sourceTree = SOURCE_ROOT; };
		91064CE5F39EE463E852B46B /* arctic_platform_pi_byteorder.cpp */ = {isa = PBXFileReference; fileEncoding = 4; lastKnownFileType = sourcecode.cpp.cpp; name = arctic_platform_pi_byteorder.cpp; path = ../arctic/engine/arctic_platform_pi_byteorder.cpp; sourceTree = SOURCE_ROOT; };
		6CB3E8B339AC9F7981CE47FA /* vec3d.h */ = {isa = PBXFileReference; fileEncoding = 4; lastKnownFileType = sourcecode.c.h; name = vec3d.h; path = ../arctic/engine/vec3d.h; sourceTree = SOURCE_ROOT; };
		86092D5D267F4CE047BEC4EA /* arctic_platform_pi_input.cpp */ = {isa = PBXFileReference; fileEncoding = 4; lastKnownFileType = sourcecode.cpp.cpp; name = arctic_platform_pi_input.cpp; path = ../arctic/engine/arctic_platform_pi_input.cpp; sourceTree = SOURCE_ROOT; };
		66A069B878F77A1071DB8288 /* gl_framebuffer.h */ = {isa = PBXFileReference; fileEncoding = 4; lastKnownFileType = sourcecode.c.h; name = gl_framebuffer.h; path = ../arctic/engine/gl_framebuffer.h; sourceTree = SOURCE_ROOT; };
		3981B9CF72E0446FBCFCFB2C /* mesh_obj.h */ = {isa = PBXFileReference; fileEncoding = 4; lastKnownFileType = sourcecode.c.h; name = mesh_obj.h; path = ../arctic/engine/mesh_obj.h; sourceTree = SOURCE_ROOT; };
		AAA48E5CE5E442B3967F5B3C /* arctic_mixer.cpp */ = {isa = PBXFileReference; fileEncoding = 4; lastKnownFileType = sourcecode.cpp.cpp; name = arctic_mixer.cpp; path = ../arctic/engine/arctic_mixer.cpp; sourceTree = SOURCE_ROOT; };
		30E1907182083F90D29DFAFD /* mtq_spmc_array.cpp */ = {isa = PBXFileReference; fileEncoding = 4; lastKnownFileType = sourcecode.cpp.cpp; name = mtq_spmc_array.cpp; path = ../arctic/engine/mtq_spmc_array.cpp; sourceTree = SOURCE_ROOT; };
		E9246519588C77B4E68B4278 /* mesh.h */ = {isa = PBXFileReference; fileEncoding = 4; lastKnownFileType = sourcecode.c.h; name = mesh.h; path = ../arctic/engine/mesh.h; sourceTree = SOURCE_ROOT; };
		D21B38712037AE6A3A044D29 /* mesh_intersect.h */ = {isa = PBXFileReference; fileEncoding = 4; lastKnownFileType = sourcecode.c.h; name = mesh_intersect.h; path = ../arctic/engine/mesh_intersect.h; sourceTree = SOURCE_ROOT; };
		D14396388C132191FF1C402A /* transform2f.h */ = {isa = PBXFileReference; fileEncoding = 4; lastKnownFileType = sourcecode.c.h; name = transform2f.h; path = ../arctic/engine/transform2f.h; sourceTree = SOURCE_ROOT; };
		7F67DCC977F340EE4149B996 /* gl_program.h */ = {isa = PBXFileReference; fileEncoding = 4; lastKnownFileType = sourcecode.c.h; name = gl_program.h; path = ../arctic/engine/gl_program.h; sourceTree = SOURCE_ROOT; };
		6FD3BDF8451B87D7788A40E5 /* easy_hw_sprite_instance.cpp */ = {isa = PBXFileReference; fileEncoding = 4; lastKnownFileType = sourcecode.cpp.cpp; name = easy_hw_sprite_instance.cpp; path = ../arctic/engine/easy_hw_sprite_instance.cpp; sourceTree = SOURCE_ROOT; };
		EC0A1E54A004DF3B51EF0A6B /* easy_drawing.h */ = {isa = PBXFileReference; fileEncoding = 4; lastKnownFileType = sourcecode.c.h; name = easy_drawing.h; path = ../arctic/engine/easy_drawing.h; sourceTree = SOURCE_ROOT; };
		F337C7CC6C7A5F0CBDDF2B7B /* data_reader.cpp */ = {isa = PBXFileReference; fileEncoding = 4; lastKnownFileType = sourcecode.cpp.cpp; name = data_reader.cpp; path = ../arctic/engine/data_reader.cpp; sourceTree = SOURCE_ROOT; };
		CF93E06A3BF6AAE4DD31C5E1 /* miniz.h */ = {isa = PBXFileReference; fileEncoding = 4; lastKnownFileType = sourcecode.c.h; name = miniz.h; path = ../arctic/engine/miniz.h; sourceTree = SOURCE_ROOT; };
		480D34D0D796ED3D9E441529 /* arctic_platform_pi_es_egl.cpp */ = {isa = PBXFileReference; fileEncoding = 4; lastKnownFileType = sourcecode.cpp.cpp; name = arctic_platform_pi_es_egl.cpp; path = ../arctic/engine/arctic_platform_pi_es_egl.cpp; sourceTree = SOURCE_ROOT; };
		4D5D77F43E0460A0025BF824 /* skeleton.h */ = {isa = PBXFileReference; fileEncoding = 4; lastKnownFileType = sourcecode.c.h; name = skeleton.h; path = ../arctic/engine/skeleton.h; sourceTree = SOURCE_ROOT; };
		4D5E2240EA202ADEBE24FFD3 /* transform3f.cpp */ = {isa = PBXFileReference; fileEncoding = 4; lastKnownFileType = sourcecode.cpp.cpp; name = transform3f.cpp; path = ../arctic/engine/transform3f.cpp; sourceTree = SOURCE_ROOT; };
		D6782EA79C82D9AEFC8D372B /* gui.h */ = {isa = PBXFileReference; fileEncoding = 4; lastKnownFileType = sourcecode.c.h; name = gui.h; path = ../arctic/engine/gui.h; sourceTree = SOURCE_ROOT; };
		2EE59371D67C415C182A0710 /* unicode.h */ = {isa = PBXFileReference; fileEncoding = 4; lastKnownFileType = sourcecode.c.h; name = unicode.h; path = ../arctic/engine/unicode.h; sourceTree = SOURCE_ROOT; };
		7A8005EAC423D8A87FD0BDF9 /* mesh_gen_adjacency.h */ = {isa = PBXFileReference; fileEncoding = 4; lastKnownFileType = sourcecode.c.h; name = mesh_gen_adjacency.h; path = ../arctic/engine/mesh_gen_adjacency.h; sourceTree = SOURCE_ROOT; };
		4D06E7A9E5515F951946B1D3 /* arctic_mixer.h */ = {isa = PBXFileReference; fileEncoding = 4; lastKnownFileType = sourcecode.c.h; name = arctic_mixer.h; path = ../arctic/engine/arctic_mixer.h; sourceTree = SOURCE_ROOT; };
		4BF664D9A960D7F478FA78DA /* mtq_mempool_allocator.h */ = {isa = PBXFileReference; fileEncoding = 4; lastKnownFileType = sourcecode.c.h; name = mtq_mempool_allocator.h; path = ../arctic/engine/mtq_mempool_allocator.h; sourceTree = SOURCE_ROOT; };
		9B84EF0B4BCD119B79BBF94F /* mtq_fixed_block_queue.cpp */ = {isa = PBXFileReference; fileEncoding = 4; lastKnownFileType = sourcecode.cpp.cpp; name = mtq_fixed_block_queue.cpp; path = ../arctic/engine/mtq_fixed_block_queue.cpp; sourceTree = SOURCE_ROOT; };
		F2CBA253449B8AD1E8A4C73A /* mtq_base_common.h */ = {isa = PBXFileReference; fileEncoding = 4; lastKnownFileType = sourcecode.c.h; name = mtq_base_common.h; path = ../arctic/engine/mtq_base_common.h; sourceTree = SOURCE_ROOT; };
		D34CBD391092A45EA19C3AC5 /* glext.h */ = {isa = PBXFileReference; fileEncoding = 4; lastKnownFileType = sourcecode.c.h; name = glext.h; path = ../arctic/engine/glext.h; sourceTree = SOURCE_ROOT; };
		36BCCBD576A8B0B3F83FC179 /* arctic_platform_pi_fatal.cpp */ = {isa = PBXFileReference; fileEncoding = 4; lastKnownFileType = sourcecode.cpp.cpp; name = arctic_platform_pi_fatal.cpp; path = ../arctic/engine/arctic_platform_pi_fatal.cpp; sourceTree = SOURCE_ROOT; };
		04DCC120DB81C4D34F95220B /* bitstream.h */ = {isa = PBXFileReference; fileEncoding = 4; lastKnownFileType = sourcecode.c.h; name = bitstream.h; path = ../arctic/engine/bitstream.h; sourceTree = SOURCE_ROOT; };
		1DC146CD901840E9475BCF5B /* gui.cpp */ = {isa = PBXFileReference; fileEncoding = 4; lastKnownFileType = sourcecode.cpp.cpp; name = gui.cpp; path = ../arctic/engine/gui.cpp; sourceTree = SOURCE_ROOT; };
		EDD209FDBDFD4AAC41FAA3C0 /* mtq_mpsc_tail_swap.h */ = {isa = PBXFileReference; fileEncoding = 4; lastKnownFileType = sourcecode.c.h; name = mtq_mpsc_tail_swap.h; path = ../arctic/engine/mtq_mpsc_tail_swap.h; sourceTree = SOURCE_ROOT; };
		E4AA0A285142E9F4202AF2D1 /* pugixml.h */ = {isa = PBXFileReference; fileEncoding = 4; lastKnownFileType = sourcecode.c.h; name = pugixml.h; path = ../arctic/engine/pugixml.h; sourceTree = SOURCE_ROOT; };
		8DA59D4FF036066A6278249D /* arctic_sound.cpp */ = {isa = PBXFileReference; fileEncoding = 4; lastKnownFileType = sourcecode.cpp.cpp; name = arctic_sound.cpp; path = ../arctic/engine/arctic_sound.cpp; sourceTree = SOURCE_ROOT; };
		0E0529470BBFBE893FB868D5 /* mesh_gen_prim_simple.h */ = {isa = PBXFileReference; fileEncoding = 4; lastKnownFileType = sourcecode.c.h; name = mesh_gen_prim_simple.h; path = ../arctic/engine/mesh_gen_prim_simple.h; sourceTree = SOURCE_ROOT; };
		97A71E723F6EC93F5D6DB358 /* arctic_platform_macosx_sound.mm */ = {isa = PBXFileReference; fileEncoding = 4; lastKnownFileType = sourcecode.cpp.objcpp; name = arctic_platform_macosx_sound.mm; path = ../arctic/engine/arctic_platform_macosx_sound.mm; sourceTree = SOURCE_ROOT; };
		52228ACDC7A4DD0D7C6B3401 /* ofbx.h */ = {isa = PBXFileReference; fileEncoding = 4; lastKnownFileType = sourcecode.c.h; name = ofbx.h; path = ../arctic/engine/ofbx.h; sourceTree = SOURCE_ROOT; };
		B97E1882EFF365A685E5CEC3 /* pugixml.cpp */ = {isa = PBXFileReference; fileEncoding = 4; lastKnownFileType = sourcecode.cpp.cpp; name = pugixml.cpp; path = ../arctic/engine/pugixml.cpp; sourceTree = SOURCE_ROOT; };
		26FF70D33DF73604AFEC517E /* mesh_gen_face_ops.cpp */ = {isa = PBXFileReference; fileEncoding = 4; lastKnownFileType = sourcecode.cpp.cpp; name = mesh_gen_face_ops.cpp; path = ../arctic/engine/mesh_gen_face_ops.cpp; sourceTree = SOURCE_ROOT; };
		15DB5B780BE740322328E502 /* node2f.h */ = {isa = PBXFileReference; fileEncoding = 4; lastKnownFileType = sourcecode.c.h; name = node2f.h; path = ../arctic/engine/node2f.h; sourceTree = SOURCE_ROOT; };
		F5522C784E44E57069418E55 /* quaternion.cpp */ = {isa = PBXFileReference; fileEncoding = 4; lastKnownFileType = sourcecode.cpp.cpp; name = quaternion.cpp; path = ../arctic/engine/quaternion.cpp; sourceTree = SOURCE_ROOT; };
		E2BFD925D2BBFB109E346769 /* data_writer.h */ = {isa = PBXFileReference; fileEncoding = 4; lastKnownFileType = sourcecode.c.h; name = data_writer.h; path = ../arctic/engine/data_writer.h; sourceTree = SOURCE_ROOT; };
		BD34824226F1B187CBC0115D /* arctic_platform_pi_filesystem.cpp */ = {isa = PBXFileReference; fileEncoding = 4; lastKnownFileType = sourcecode.cpp.cpp; name = arctic_platform_pi_filesystem.cpp; path = ../arctic/engine/arctic_platform_pi_filesystem.cpp; sourceTree = SOURCE_ROOT; };
		25D0C314B093F4B61AE55178 /* easy_advanced.h */ = {isa = PBXFileReference; fileEncoding = 4; lastKnownFileType = sourcecode.c.h; name = easy_advanced.h; path = ../arctic/engine/easy_advanced.h; sourceTree = SOURCE_ROOT; };
		C34F0CC20C1D9A0BA5CE4648 /* arctic_platform_windows_sound.cpp */ = {isa = PBXFileReference; fileEncoding = 4; lastKnownFileType = sourcecode.cpp.cpp; name = arctic_platform_windows_sound.cpp; path = ../arctic/engine/arctic_platform_windows_sound.cpp; sourceTree = SOURCE_ROOT; };
		B88C5954796D10A936C60E8C /* easy_hw_sprite_instance.h */ = {isa = PBXFileReference; fileEncoding = 4; lastKnownFileType = sourcecode.c.h; name = easy_hw_sprite_instance.h; path = ../arctic/engine/easy_hw_sprite_instance.h; sourceTree = SOURCE_ROOT; };
		27FB80157537190D6232608B /* arctic_platform_pi_opengl_glx.cpp */ = {isa = PBXFileReference; fileEncoding = 4; lastKnownFileType = sourcecode.cpp.cpp; name = arctic_platform_pi_opengl_glx.cpp; path = ../arctic/engine/arctic_platform_pi_opengl_glx.cpp; sourceTree = SOURCE_ROOT; };
		BA12FDB661D7D1D0AA7F3A64 /* template_tune.h */ = {isa = PBXFileReference; fileEncoding = 4; lastKnownFileType = sourcecode.c.h; name = template_tune.h; path = ../arctic/engine/template_tune.h; sourceTree = SOURCE_ROOT; };
		727A287BFB9EF46073EA27A3 /* easy_files.h */ = {isa = PBXFileReference; fileEncoding = 4; lastKnownFileType = sourcecode.c.h; name = easy_files.h; path = ../arctic/engine/easy_files.h; sourceTree = SOURCE_ROOT; };
		EE678FE0F616E609964437A8 /* gl_texture2d.cpp */ = {isa = PBXFileReference; fileEncoding = 4; lastKnownFileType = sourcecode.cpp.cpp; name = gl_texture2d.cpp; path = ../arctic/engine/gl_texture2d.cpp; sourceTree = SOURCE_ROOT; };
		056C9B64B2101222A6F72DC1 /* gl_buffer.h */ = {isa = PBXFileReference; fileEncoding = 4; lastKnownFileType = sourcecode.c.h; name = gl_buffer.h; path = ../arctic/engine/gl_buffer.h; sourceTree = SOURCE_ROOT; };
		F3DA24D81FD65EFA76E4D23A /* sound_handle.h */ = {isa = PBXFileReference; fileEncoding = 4; lastKnownFileType = sourcecode.c.h; name = sound_handle.h; path = ../arctic/engine/sound_handle.h; sourceTree = SOURCE_ROOT; };
		686D966E0A47568B2BFE3BF9 /* array2.h */ = {isa = PBXFileReference; fileEncoding = 4; lastKnownFileType = sourcecode.c.h; name = array2.h; path = ../arctic/engine/array2.h; sourceTree = SOURCE_ROOT; };
		00111B06755602A54734BE9E /* mat22d.h */ = {isa = PBXFileReference; fileEncoding = 4; lastKnownFileType = sourcecode.c.h; name = mat22d.h; path = ../arctic/engine/mat22d.h; sourceTree = SOURCE_ROOT; };
		1B5364F0E4D086740B44EB91 /* mesh_gen_ite_simple.cpp */ = {isa = PBXFileReference; fileEncoding = 4; lastKnownFileType = sourcecode.cpp.cpp; name = mesh_gen_ite_simple.cpp; path = ../arctic/engine/mesh_gen_ite_simple.cpp; sourceTree = SOURCE_ROOT; };
		4A58C38F1DEFC925091211D0 /* cpplint.cfg */ = {isa = PBXFileReference; fileEncoding = 4; lastKnownFileType = sourcecode.cpp.cpp; name = cpplint.cfg; path = ../arctic/engine/cpplint.cfg; sourceTree = SOURCE_ROOT; };
		EF5DB78EA0489CB59373DB94 /* mesh_obj.cpp */ = {isa = PBXFileReference; fileEncoding = 4; lastKnownFileType = sourcecode.cpp.cpp; name = mesh_obj.cpp; path = ../arctic/engine/mesh_obj.cpp; sourceTree = SOURCE_ROOT; };
		D5ED6414B59CBEBA641BDDD7 /* data_writer.cpp */ = {isa = PBXFileReference; fileEncoding = 4; lastKnownFileType = sourcecode.cpp.cpp; name = data_writer.cpp; path = ../arctic/engine/data_writer.cpp; sourceTree = SOURCE_ROOT; };
		549A01E67F16204FF390189D /* sound_handle.cpp */ = {isa = PBXFileReference; fileEncoding = 4; lastKnownFileType = sourcecode.cpp.cpp; name = sound_handle.cpp; path = ../arctic/engine/sound_handle.cpp; sourceTree = SOURCE_ROOT; };
		0E8D688A08C5EB514E12A8B0 /* mtq_spmc_array.h */ = {isa = PBXFileReference; fileEncoding = 4; lastKnownFileType = sourcecode.c.h; name = mtq_spmc_array.h; path = ../arctic/engine/mtq_spmc_array.h; sourceTree = SOURCE_ROOT; };
		895E928783FDF427EDD4B7E7 /* glcorearb.h */ = {isa = PBXFileReference; fileEncoding = 4; lastKnownFileType = sourcecode.c.h; name = glcorearb.h; path = ../arctic/engine/glcorearb.h; sourceTree = SOURCE_ROOT; };
		605D361EE09C5FF85A526F49 /* ofbx.cpp */ = {isa = PBXFileReference; fileEncoding = 4; lastKnownFileType = sourcecode.cpp.cpp; name = ofbx.cpp; path = ../arctic/engine/ofbx.cpp; sourceTree = SOURCE_ROOT; };
		76F858B0FDECEF8313D69904 /* arctic_platform_pi_sound.cpp */ = {isa = PBXFileReference; fileEncoding = 4; lastKnownFileType = sourcecode.cpp.cpp; name = arctic_platform_pi_sound.cpp; path = ../arctic/engine/arctic_platform_pi_sound.cpp; sourceTree = SOURCE_ROOT; };
		C9EFA4154245284F67C8AE7C /* sound_task.h */ = {isa = PBXFileReference; fileEncoding = 4; lastKnownFileType = sourcecode.c.h; name = sound_task.h; path = ../arctic/engine/sound_task.h; sourceTree = SOURCE_ROOT; };
		91B66181401C817DFDC6072C /* mesh_gen_mod_complex.cpp */ = {isa = PBXFileReference; fileEncoding = 4; lastKnownFileType = sourcecode.cpp.cpp; name = mesh_gen_mod_complex.cpp; path = ../arctic/engine/mesh_gen_mod_complex.cpp; sourceTree = SOURCE_ROOT; };
		3BBAAEC5FEFCD76FEB4C8473 /* arctic_platform_tcpip.h */ = {isa = PBXFileReference; fileEncoding = 4; lastKnownFileType = sourcecode.c.h; name = arctic_platform_tcpip.h; path = ../arctic/engine/arctic_platform_tcpip.h; sourceTree = SOURCE_ROOT; };
		8767178D6D0F2B42B7F1DBFB /* gl_state.h */ = {isa = PBXFileReference; fileEncoding = 4; lastKnownFileType = sourcecode.c.h; name = gl_state.h; path = ../arctic/engine/gl_state.h; sourceTree = SOURCE_ROOT; };
		8501EF9C04A4289F1BB15593 /* mtq_mpmc_befsbfsp_allocator.h */ = {isa = PBXFileReference; fileEncoding = 4; lastKnownFileType = sourcecode.c.h; name = mtq_mpmc_befsbfsp_allocator.h; path = ../arctic/engine/mtq_mpmc_befsbfsp_allocator.h; sourceTree = SOURCE_ROOT; };
		5B398E390DEE3E7041494CA5 /* easy_hw_sprite.h */ = {isa = PBXFileReference; fileEncoding = 4; lastKnownFileType = sourcecode.c.h; name = easy_hw_sprite.h; path = ../arctic/engine/easy_hw_sprite.h; sourceTree = SOURCE_ROOT; };
		AEF704621D48772C90F56828 /* unicode.cpp */ = {isa = PBXFileReference; fileEncoding = 4; lastKnownFileType = sourcecode.cpp.cpp; name = unicode.cpp; path = ../arctic/engine/unicode.cpp; sourceTree = SOURCE_ROOT; };
		EEA5F678DEE4736A3AD44224 /* arctic_platform_byteorder.h */ = {isa = PBXFileReference; fileEncoding = 4; lastKnownFileType = sourcecode.c.h; name = arctic_platform_byteorder.h; path = ../arctic/engine/arctic_platform_byteorder.h; sourceTree = SOURCE_ROOT; };
		11E5A50D301021163D76D5C0 /* gl_state.cpp */ = {isa = PBXFileReference; fileEncoding = 4; lastKnownFileType = sourcecode.cpp.cpp; name = gl_state.cpp; path = ../arctic/engine/gl_state.cpp; sourceTree = SOURCE_ROOT; };
		C2011D3A88DD35CA11DA4B0F /* arctic_platform_sound.h */ = {isa = PBXFileReference; fileEncoding = 4; lastKnownFileType = sourcecode.c.h; name = arctic_platform_sound.h; path = ../arctic/engine/arctic_platform_sound.h; sourceTree = SOURCE_ROOT; };
/* End PBXFileReference section */

/* Begin PBXFrameworksBuildPhase section */
		34436CEE1F642A66004DD16E /* Frameworks */ = {
			isa = PBXFrameworksBuildPhase;
			buildActionMask = 2147483647;
			files = (
				346399371F7C93AB007E37F2 /* AudioToolbox.framework in Frameworks */,
				34436D111F6431D3004DD16E /* OpenGL.framework in Frameworks */,
				34AA9D3A25F560F50017F271 /* GameController.framework in Frameworks */,
				34436D0F1F6431CD004DD16E /* Cocoa.framework in Frameworks */,
			);
			runOnlyForDeploymentPostprocessing = 0;
		};
/* End PBXFrameworksBuildPhase section */

/* Begin PBXGroup section */
		34436CE81F642A66004DD16E = {
			isa = PBXGroup;
			children = (
				34436CF31F642A66004DD16E /* simulation_fail_disks */,
				34436CF21F642A66004DD16E /* Products */,
				34436D0D1F6431CD004DD16E /* Frameworks */,
			);
			sourceTree = "<group>";
		};
		34436CF21F642A66004DD16E /* Products */ = {
			isa = PBXGroup;
			children = (
				34436CF11F642A66004DD16E /* simulation_fail_disks.app */,
			);
			name = Products;
			sourceTree = "<group>";
		};
		34436CF31F642A66004DD16E /* simulation_fail_disks */ = {
			isa = PBXGroup;
			children = (
				34C1597920019B5C0029160F /* data */,
				34C1597A20019B5C0029160F /* main.cpp */,
				34A37FB21F68AD4E005ACF7B /* engine */,
				34436CFD1F642A66004DD16E /* Assets.xcassets */,
				34436D021F642A66004DD16E /* Info.plist */,
				34436CF71F642A66004DD16E /* Supporting Files */,
			);
			name = simulation_fail_disks;
			path = ..;
			sourceTree = "<group>";
		};
		34436CF71F642A66004DD16E /* Supporting Files */ = {
			isa = PBXGroup;
			children = (
			);
			name = "Supporting Files";
			sourceTree = "<group>";
		};
		34436D0D1F6431CD004DD16E /* Frameworks */ = {
			isa = PBXGroup;
			children = (
				34AA9D3925F560F50017F271 /* GameController.framework */,
				346399361F7C93AB007E37F2 /* AudioToolbox.framework */,
				34436D101F6431D3004DD16E /* OpenGL.framework */,
				34436D0E1F6431CD004DD16E /* Cocoa.framework */,
			);
			name = Frameworks;
			sourceTree = "<group>";
		};
		34A37FB21F68AD4E005ACF7B /* engine */ = {
			isa = PBXGroup;
			children = (
				346FB0DB201EA50000CAD8E5 /* log.cpp */,
				346FB0DA201EA50000CAD8E5 /* log.h */,
				34C15959200199EF0029160F /* font.cpp */,
				34C5F3111FD4E22300A03FA2 /* font.h */,
				34A37FD21F68AD73005ACF7B /* arctic_input.cpp */,
				34A37FC51F68AD73005ACF7B /* arctic_input.h */,
				34A37FD81F68AD73005ACF7B /* arctic_math.cpp */,
				34A37FD41F68AD73005ACF7B /* arctic_math.h */,
				34A37FDA1F68AD73005ACF7B /* arctic_platform_def.h */,
				34A37FB71F68AD73005ACF7B /* arctic_platform_macosx.mm */,
				34A37FB41F68AD73005ACF7B /* arctic_platform_windows.cpp */,
				34A37FD11F68AD73005ACF7B /* arctic_platform.h */,
				34A37FD91F68AD73005ACF7B /* arctic_types.h */,
				34A37FC81F68AD73005ACF7B /* bound2f.h */,
				34A37FBC1F68AD73005ACF7B /* bound3f.h */,
				34A37FBF1F68AD73005ACF7B /* easy_sound_instance.cpp */,
				34A37FD01F68AD73005ACF7B /* easy_sound_instance.h */,
				34A37FC11F68AD73005ACF7B /* easy_sound.cpp */,
				34A37FCE1F68AD73005ACF7B /* easy_sound.h */,
				34A37FBD1F68AD73005ACF7B /* easy_sprite_instance.cpp */,
				34A37FD31F68AD73005ACF7B /* easy_sprite_instance.h */,
				34A37FB81F68AD73005ACF7B /* easy_sprite.cpp */,
				34A37FC71F68AD73005ACF7B /* easy_sprite.h */,
				34A37FB61F68AD73005ACF7B /* easy.cpp */,
				34A37FC91F68AD73005ACF7B /* easy.h */,
				34A37FBE1F68AD73005ACF7B /* engine.cpp */,
				29D0D21D3FEC4B14610760F4 /* mesh_gen_face_ops.h */,
				A20D313075FDE9973021544D /* csv.h */,
				D705F686E187D708E995971E /* skeleton.cpp */,
				F777078CC105CC64A7D8E0AE /* dual_complex.h */,
				AD7525000098C55A9E7BE09A /* easy_input.h */,
				F8C7C68462E2C65B9E001218 /* mesh_ply.cpp */,
				D4A31126A56D1EA0DC8B6296 /* easy_util.h */,
				D7CA31BED72DF3AFC0BC6E1E /* optionparser.h */,
				C4DD034F9ECAFBCCF116AEF4 /* mesh_gen_ite_simple.h */,
				427A3161F6D12A6A95C50431 /* mesh_ply.h */,
				F3168B1AC45D3210631B4B4B /* mesh_gen_prim_simple.cpp */,
				C4021DADBEDE2669916CF1CB /* gl_buffer.cpp */,
				DD8C8CD7327A1EA188569BAD /* mesh_gen_mod_complex.h */,
				B2B698D84CDF52903CD95EA2 /* dual_complex.cpp */,
				B5D6965CE71E067D5E8CF173 /* wave_function_collapse.h */,
				E0409C00218E6A78475905C8 /* mesh.cpp */,
				D23A47751056DD5E8FB16FAE /* data_reader.h */,
				DDF3D6ED84A8BBFE149C3AFE /* easing.h */,
				C3E4265DFA29EE07F6F702F8 /* miniz.c */,
				66AF39A1F3EC5B8AFDD43958 /* arctic_platform_fatal.h */,
				9E433FB7245362937BDC5BE5 /* gl_program.cpp */,
				8F91FE600954FCEBCBB9E702 /* bitstream.cpp */,
				A84D140B3AF99B9CAA3CEC6B /* easy_hw_sprite.cpp */,
				210C777D4FDF38A57F5496E0 /* mtq_fixed_block_queue.h */,
				0A2833BEBBEE16605BC7E6C1 /* csv.cpp */,
				8DB9ADBF761123E667183A25 /* decorated_frame.h */,
				E87D37169BA719B9CDD41375 /* mesh_intersect.cpp */,
				25962890926FC82DBD90C1B1 /* mesh_gen_mod_simple.cpp */,
				1D3462042DC6F130E5190C0A /* gl_texture2d.h */,
				4444EBC2B5E8967FF3D0062A /* gl_framebuffer.cpp */,
				DB1976A60F4C86FEC2FBB44F /* transform3f.h */,
				270B274F0B1EB559DF64EEE4 /* test_main.h */,
				7905AC5429F286862275074D /* arctic_platform_windows_tcpip.cpp */,
				BF0319D64B17FD6A27B068DD /* mesh_gen.h */,
				776DD2DACCCFD1637557DC55 /* wave_function_collapse.cpp */,
				71454185A58BA4B01F0A646C /* arctic_platform_pi_tcpip.cpp */,
				93287DBAD80B23127CF4EE4A /* mesh_gen_adjacency.cpp */,
				8522C49A59379153AD1750F3 /* vec2d.h */,
				A251B38BD88AF297B24CD403 /* test.h */,
				DD64DE8F3AB75B99A6929141 /* mesh_gen_mod_simple.h */,
				56F8EA63DBFA1139D78179D1 /* mtq_mpsc_vinfarr.h */,
				3720769D48D05602401E4DB6 /* quaternion.h */,
				91064CE5F39EE463E852B46B /* arctic_platform_pi_byteorder.cpp */,
				6CB3E8B339AC9F7981CE47FA /* vec3d.h */,
				86092D5D267F4CE047BEC4EA /* arctic_platform_pi_input.cpp */,
				66A069B878F77A1071DB8288 /* gl_framebuffer.h */,
				3981B9CF72E0446FBCFCFB2C /* mesh_obj.h */,
				AAA48E5CE5E442B3967F5B3C /* arctic_mixer.cpp */,
				30E1907182083F90D29DFAFD /* mtq_spmc_array.cpp */,
				E9246519588C77B4E68B4278 /* mesh.h */,
				D21B38712037AE6A3A044D29 /* mesh_intersect.h */,
				D14396388C132191FF1C402A /* transform2f.h */,
				7F67DCC977F340EE4149B996 /* gl_program.h */,
				6FD3BDF8451B87D7788A40E5 /* easy_hw_sprite_instance.cpp */,
				EC0A1E54A004DF3B51EF0A6B /* easy_drawing.h */,
				F337C7CC6C7A5F0CBDDF2B7B /* data_reader.cpp */,
				CF93E06A3BF6AAE4DD31C5E1 /* miniz.h */,
				480D34D0D796ED3D9E441529 /* arctic_platform_pi_es_egl.cpp */,
				4D5D77F43E0460A0025BF824 /* skeleton.h */,
				4D5E2240EA202ADEBE24FFD3 /* transform3f.cpp */,
				D6782EA79C82D9AEFC8D372B /* gui.h */,
				2EE59371D67C415C182A0710 /* unicode.h */,
				7A8005EAC423D8A87FD0BDF9 /* mesh_gen_adjacency.h */,
				4D06E7A9E5515F951946B1D3 /* arctic_mixer.h */,
				4BF664D9A960D7F478FA78DA /* mtq_mempool_allocator.h */,
				9B84EF0B4BCD119B79BBF94F /* mtq_fixed_block_queue.cpp */,
				F2CBA253449B8AD1E8A4C73A /* mtq_base_common.h */,
				D34CBD391092A45EA19C3AC5 /* glext.h */,
				36BCCBD576A8B0B3F83FC179 /* arctic_platform_pi_fatal.cpp */,
				04DCC120DB81C4D34F95220B /* bitstream.h */,
				1DC146CD901840E9475BCF5B /* gui.cpp */,
				EDD209FDBDFD4AAC41FAA3C0 /* mtq_mpsc_tail_swap.h */,
				E4AA0A285142E9F4202AF2D1 /* pugixml.h */,
				8DA59D4FF036066A6278249D /* arctic_sound.cpp */,
				0E0529470BBFBE893FB868D5 /* mesh_gen_prim_simple.h */,
				97A71E723F6EC93F5D6DB358 /* arctic_platform_macosx_sound.mm */,
				52228ACDC7A4DD0D7C6B3401 /* ofbx.h */,
				B97E1882EFF365A685E5CEC3 /* pugixml.cpp */,
				26FF70D33DF73604AFEC517E /* mesh_gen_face_ops.cpp */,
				15DB5B780BE740322328E502 /* node2f.h */,
				F5522C784E44E57069418E55 /* quaternion.cpp */,
				E2BFD925D2BBFB109E346769 /* data_writer.h */,
				BD34824226F1B187CBC0115D /* arctic_platform_pi_filesystem.cpp */,
				25D0C314B093F4B61AE55178 /* easy_advanced.h */,
				C34F0CC20C1D9A0BA5CE4648 /* arctic_platform_windows_sound.cpp */,
				B88C5954796D10A936C60E8C /* easy_hw_sprite_instance.h */,
				27FB80157537190D6232608B /* arctic_platform_pi_opengl_glx.cpp */,
				BA12FDB661D7D1D0AA7F3A64 /* template_tune.h */,
				727A287BFB9EF46073EA27A3 /* easy_files.h */,
				EE678FE0F616E609964437A8 /* gl_texture2d.cpp */,
				056C9B64B2101222A6F72DC1 /* gl_buffer.h */,
				F3DA24D81FD65EFA76E4D23A /* sound_handle.h */,
				686D966E0A47568B2BFE3BF9 /* array2.h */,
				00111B06755602A54734BE9E /* mat22d.h */,
				1B5364F0E4D086740B44EB91 /* mesh_gen_ite_simple.cpp */,
				4A58C38F1DEFC925091211D0 /* cpplint.cfg */,
				EF5DB78EA0489CB59373DB94 /* mesh_obj.cpp */,
				D5ED6414B59CBEBA641BDDD7 /* data_writer.cpp */,
				549A01E67F16204FF390189D /* sound_handle.cpp */,
				0E8D688A08C5EB514E12A8B0 /* mtq_spmc_array.h */,
				895E928783FDF427EDD4B7E7 /* glcorearb.h */,
				605D361EE09C5FF85A526F49 /* ofbx.cpp */,
				76F858B0FDECEF8313D69904 /* arctic_platform_pi_sound.cpp */,
				C9EFA4154245284F67C8AE7C /* sound_task.h */,
				91B66181401C817DFDC6072C /* mesh_gen_mod_complex.cpp */,
				3BBAAEC5FEFCD76FEB4C8473 /* arctic_platform_tcpip.h */,
				8767178D6D0F2B42B7F1DBFB /* gl_state.h */,
				8501EF9C04A4289F1BB15593 /* mtq_mpmc_befsbfsp_allocator.h */,
				5B398E390DEE3E7041494CA5 /* easy_hw_sprite.h */,
				AEF704621D48772C90F56828 /* unicode.cpp */,
				EEA5F678DEE4736A3AD44224 /* arctic_platform_byteorder.h */,
				11E5A50D301021163D76D5C0 /* gl_state.cpp */,
				C2011D3A88DD35CA11DA4B0F /* arctic_platform_sound.h */,
				34A37FCD1F68AD73005ACF7B /* engine.h */,
				34A37FBA1F68AD73005ACF7B /* frustum3f.h */,
				34A37FCF1F68AD73005ACF7B /* mat22f.h */,
				34A37FC01F68AD73005ACF7B /* mat33f.h */,
				34A37FB51F68AD73005ACF7B /* mat44f.h */,
				34A37FD71F68AD73005ACF7B /* opengl.h */,
				34A37FCC1F68AD73005ACF7B /* rgb.h */,
				34A37FCB1F68AD73005ACF7B /* rgba.h */,
				34A37FD61F68AD73005ACF7B /* scalar_math.h */,
				34A37FB31F68AD73005ACF7B /* stb_vorbis.inc */,
				34A37FC31F68AD73005ACF7B /* vec2f.h */,
				34A37FC61F68AD73005ACF7B /* vec2si32.h */,
				34A37FB91F68AD73005ACF7B /* vec3f.h */,
				34A37FC41F68AD73005ACF7B /* vec3si32.h */,
				34A37FBB1F68AD73005ACF7B /* vec4f.h */,
				34A37FC21F68AD73005ACF7B /* vec4si32.h */,
			);
			indentWidth = 2;
			name = engine;
			path = ../arctic;
			sourceTree = SOURCE_ROOT;
			tabWidth = 2;
			usesTabs = 0;
		};
/* End PBXGroup section */

/* Begin PBXNativeTarget section */
		34436CF01F642A66004DD16E /* simulation_fail_disks */ = {
			isa = PBXNativeTarget;
			buildConfigurationList = 34436D051F642A66004DD16E /* Build configuration list for PBXNativeTarget "simulation_fail_disks" */;
			buildPhases = (
				34436CED1F642A66004DD16E /* Sources */,
				34436CEE1F642A66004DD16E /* Frameworks */,
				34436CEF1F642A66004DD16E /* Resources */,
			);
			buildRules = (
			);
			dependencies = (
			);
			name = simulation_fail_disks;
			productName = simulation_fail_disks;
			productReference = 34436CF11F642A66004DD16E /* simulation_fail_disks.app */;
			productType = "com.apple.product-type.application";
		};
/* End PBXNativeTarget section */

/* Begin PBXProject section */
		34436CE91F642A66004DD16E /* Project object */ = {
			isa = PBXProject;
			attributes = {
				LastUpgradeCheck = 1020;
				ORGANIZATIONNAME = Arctic;
				TargetAttributes = {
					34436CF01F642A66004DD16E = {
						CreatedOnToolsVersion = 8.3.3;
						ProvisioningStyle = Automatic;
					};
				};
			};
			buildConfigurationList = 34436CEC1F642A66004DD16E /* Build configuration list for PBXProject "simulation_fail_disks" */;
			compatibilityVersion = "Xcode 3.2";
			developmentRegion = en;
			hasScannedForEncodings = 0;
			knownRegions = (
				en,
				Base,
			);
			mainGroup = 34436CE81F642A66004DD16E;
			productRefGroup = 34436CF21F642A66004DD16E /* Products */;
			projectDirPath = "";
			projectRoot = "";
			targets = (
				34436CF01F642A66004DD16E /* simulation_fail_disks */,
			);
		};
/* End PBXProject section */

/* Begin PBXResourcesBuildPhase section */
		34436CEF1F642A66004DD16E /* Resources */ = {
			isa = PBXResourcesBuildPhase;
			buildActionMask = 2147483647;
			files = (
				34C1597B20019B5C0029160F /* data in Resources */,
				34436CFE1F642A66004DD16E /* Assets.xcassets in Resources */,
			);
			runOnlyForDeploymentPostprocessing = 0;
		};
/* End PBXResourcesBuildPhase section */

/* Begin PBXSourcesBuildPhase section */
		34436CED1F642A66004DD16E /* Sources */ = {
			isa = PBXSourcesBuildPhase;
			buildActionMask = 2147483647;
			files = (
				34A37FDC1F68AD73005ACF7B /* arctic_platform_windows.cpp in Sources */,
				34A37FDE1F68AD73005ACF7B /* arctic_platform_macosx.mm in Sources */,
				34A37FE11F68AD73005ACF7B /* engine.cpp in Sources */,
				86501C2FDA7B08F0D6A70A7A /* skeleton.cpp in Sources */,
				95C9CDDC7275532410A5A981 /* mesh_ply.cpp in Sources */,
				31E2791442A1841284FF5A53 /* mesh_gen_prim_simple.cpp in Sources */,
				5EA438AA4EA852A62C91E130 /* gl_buffer.cpp in Sources */,
				4CD44062B532CA16BF654514 /* dual_complex.cpp in Sources */,
				078E2BEB67583BA839C1057E /* mesh.cpp in Sources */,
				C385FF770D4C243015C23E97 /* miniz.c in Sources */,
				13197DCD901E704667B496DC /* gl_program.cpp in Sources */,
				16608966F9100C881FE5C9B3 /* bitstream.cpp in Sources */,
				03F281D72408C8D0BEFA468C /* easy_hw_sprite.cpp in Sources */,
				4396557B5E44D0586DF5EF88 /* csv.cpp in Sources */,
				287030CBC8D768936C143871 /* mesh_intersect.cpp in Sources */,
				B44FB83AEC52976E9B41D218 /* mesh_gen_mod_simple.cpp in Sources */,
				8530D0675FE1DF2D0B3DE484 /* gl_framebuffer.cpp in Sources */,
				AF47A313BC1F26266F40641E /* arctic_platform_windows_tcpip.cpp in Sources */,
				9648724F5AF3715645910D34 /* wave_function_collapse.cpp in Sources */,
				DD823B15E6BC981D7B88D2AF /* arctic_platform_pi_tcpip.cpp in Sources */,
				6BA45E950D07FCC531179ECA /* mesh_gen_adjacency.cpp in Sources */,
				A315D6935ECBB0C6AB093B72 /* arctic_platform_pi_byteorder.cpp in Sources */,
				6BC0C386A0FC69CD9DF720A5 /* arctic_platform_pi_input.cpp in Sources */,
				B5E6642885AB50DF32FF7D5B /* arctic_mixer.cpp in Sources */,
				5AACE2DA3764D6743BE61C0D /* mtq_spmc_array.cpp in Sources */,
				B782302698E6A669A4794D08 /* easy_hw_sprite_instance.cpp in Sources */,
				476BC856D38831D878ECAD39 /* data_reader.cpp in Sources */,
				52B166AA00724A475EE7EF89 /* arctic_platform_pi_es_egl.cpp in Sources */,
				14287A02EE019A79D9543452 /* transform3f.cpp in Sources */,
				7900F565C15270E3458D7CD9 /* mtq_fixed_block_queue.cpp in Sources */,
				03E42854BC536D7C44B01ED1 /* arctic_platform_pi_fatal.cpp in Sources */,
				D0ABCA3E429D683D6BA6353B /* gui.cpp in Sources */,
				E35427F21216C7AFF381AD09 /* arctic_sound.cpp in Sources */,
				B628F027E133BC16AF51A086 /* arctic_platform_macosx_sound.mm in Sources */,
				EBA3B396A63F2BE68A41D7A4 /* pugixml.cpp in Sources */,
				AFE3EC4348DB87EEBCCFACF1 /* mesh_gen_face_ops.cpp in Sources */,
				81E229398E21A8E046BAE05A /* quaternion.cpp in Sources */,
				4844B813F35D1B998C90A55A /* arctic_platform_pi_filesystem.cpp in Sources */,
				34E02DF025FCBA6D67EEDB94 /* arctic_platform_windows_sound.cpp in Sources */,
				73206907235969860C145C14 /* arctic_platform_pi_opengl_glx.cpp in Sources */,
				D7FA2489A8846CAA24B85EBB /* gl_texture2d.cpp in Sources */,
				2F99A6DDB87BA84450E0152F /* mesh_gen_ite_simple.cpp in Sources */,
				A53CDCFC18C164628D3BF220 /* mesh_obj.cpp in Sources */,
				1D476DD93A6597688D247E25 /* data_writer.cpp in Sources */,
				A70163B298EC8419260E32FD /* sound_handle.cpp in Sources */,
				33CB46DB02F8751E2AE2C658 /* ofbx.cpp in Sources */,
				DCB79521830A4424400BD15E /* arctic_platform_pi_sound.cpp in Sources */,
				16639B4C78E0B2CB3795A52A /* mesh_gen_mod_complex.cpp in Sources */,
				D311369C294D6761260BD289 /* unicode.cpp in Sources */,
				48F49FD6F7A58B0094F30AD2 /* gl_state.cpp in Sources */,
				34A37FDF1F68AD73005ACF7B /* easy_sprite.cpp in Sources */,
				34A37FE01F68AD73005ACF7B /* easy_sprite_instance.cpp in Sources */,
				34C1595A200199EF0029160F /* font.cpp in Sources */,
				34A37FE61F68AD73005ACF7B /* arctic_math.cpp in Sources */,
				346FB0DC201EA50000CAD8E5 /* log.cpp in Sources */,
				34A37FE21F68AD73005ACF7B /* easy_sound_instance.cpp in Sources */,
				34A37FE51F68AD73005ACF7B /* arctic_input.cpp in Sources */,
				34A37FE31F68AD73005ACF7B /* easy_sound.cpp in Sources */,
				34C1597C20019B5C0029160F /* main.cpp in Sources */,
				34A37FDD1F68AD73005ACF7B /* easy.cpp in Sources */,
			);
			runOnlyForDeploymentPostprocessing = 0;
		};
/* End PBXSourcesBuildPhase section */

/* Begin XCBuildConfiguration section */
		34436D031F642A66004DD16E /* Debug */ = {
			isa = XCBuildConfiguration;
			buildSettings = {
				ALWAYS_SEARCH_USER_PATHS = NO;
				CLANG_ANALYZER_LOCALIZABILITY_NONLOCALIZED = YES;
				CLANG_ANALYZER_NONNULL = YES;
				CLANG_ANALYZER_NUMBER_OBJECT_CONVERSION = YES_AGGRESSIVE;
				CLANG_CXX_LANGUAGE_STANDARD = "gnu++14";
				CLANG_CXX_LIBRARY = "libc++";
				CLANG_ENABLE_MODULES = YES;
				CLANG_ENABLE_OBJC_ARC = NO;
				CLANG_WARN_BLOCK_CAPTURE_AUTORELEASING = YES;
				CLANG_WARN_BOOL_CONVERSION = YES;
				CLANG_WARN_COMMA = YES;
				CLANG_WARN_CONSTANT_CONVERSION = YES;
				CLANG_WARN_DEPRECATED_OBJC_IMPLEMENTATIONS = YES;
				CLANG_WARN_DIRECT_OBJC_ISA_USAGE = YES_ERROR;
				CLANG_WARN_DOCUMENTATION_COMMENTS = YES;
				CLANG_WARN_EMPTY_BODY = YES;
				CLANG_WARN_ENUM_CONVERSION = YES;
				CLANG_WARN_INFINITE_RECURSION = YES;
				CLANG_WARN_INT_CONVERSION = YES;
				CLANG_WARN_NON_LITERAL_NULL_CONVERSION = YES;
				CLANG_WARN_OBJC_IMPLICIT_RETAIN_SELF = YES;
				CLANG_WARN_OBJC_LITERAL_CONVERSION = YES;
				CLANG_WARN_OBJC_ROOT_CLASS = YES_ERROR;
				CLANG_WARN_RANGE_LOOP_ANALYSIS = YES;
				CLANG_WARN_STRICT_PROTOTYPES = YES;
				CLANG_WARN_SUSPICIOUS_MOVE = YES;
				CLANG_WARN_UNREACHABLE_CODE = YES;
				CLANG_WARN__DUPLICATE_METHOD_MATCH = YES;
				CODE_SIGN_IDENTITY = "-";
				CONFIGURATION_BUILD_DIR = "$(PROJECT_DIR)/build/$(CONFIGURATION)$(EFFECTIVE_PLATFORM_NAME)";
				COPY_PHASE_STRIP = NO;
				DEBUG_INFORMATION_FORMAT = dwarf;
				ENABLE_STRICT_OBJC_MSGSEND = YES;
				ENABLE_TESTABILITY = YES;
				GCC_C_LANGUAGE_STANDARD = gnu99;
				GCC_DYNAMIC_NO_PIC = NO;
				GCC_NO_COMMON_BLOCKS = YES;
				GCC_OPTIMIZATION_LEVEL = 0;
				GCC_PREPROCESSOR_DEFINITIONS = (
					"DEBUG=1",
					"$(inherited)",
				);
				GCC_WARN_64_TO_32_BIT_CONVERSION = YES;
				GCC_WARN_ABOUT_RETURN_TYPE = YES_ERROR;
				GCC_WARN_UNDECLARED_SELECTOR = YES;
				GCC_WARN_UNINITIALIZED_AUTOS = YES_AGGRESSIVE;
				GCC_WARN_UNUSED_FUNCTION = YES;
				GCC_WARN_UNUSED_VARIABLE = YES;
				"HEADER_SEARCH_PATHS[arch=*]" = $PROJECT_DIR/..;
				MACOSX_DEPLOYMENT_TARGET = 10.12;
				MTL_ENABLE_DEBUG_INFO = YES;
				ONLY_ACTIVE_ARCH = YES;
				SDKROOT = macosx;
			};
			name = Debug;
		};
		34436D041F642A66004DD16E /* Release */ = {
			isa = XCBuildConfiguration;
			buildSettings = {
				ALWAYS_SEARCH_USER_PATHS = NO;
				CLANG_ANALYZER_LOCALIZABILITY_NONLOCALIZED = YES;
				CLANG_ANALYZER_NONNULL = YES;
				CLANG_ANALYZER_NUMBER_OBJECT_CONVERSION = YES_AGGRESSIVE;
				CLANG_CXX_LANGUAGE_STANDARD = "gnu++14";
				CLANG_CXX_LIBRARY = "libc++";
				CLANG_ENABLE_MODULES = YES;
				CLANG_ENABLE_OBJC_ARC = NO;
				CLANG_WARN_BLOCK_CAPTURE_AUTORELEASING = YES;
				CLANG_WARN_BOOL_CONVERSION = YES;
				CLANG_WARN_COMMA = YES;
				CLANG_WARN_CONSTANT_CONVERSION = YES;
				CLANG_WARN_DEPRECATED_OBJC_IMPLEMENTATIONS = YES;
				CLANG_WARN_DIRECT_OBJC_ISA_USAGE = YES_ERROR;
				CLANG_WARN_DOCUMENTATION_COMMENTS = YES;
				CLANG_WARN_EMPTY_BODY = YES;
				CLANG_WARN_ENUM_CONVERSION = YES;
				CLANG_WARN_INFINITE_RECURSION = YES;
				CLANG_WARN_INT_CONVERSION = YES;
				CLANG_WARN_NON_LITERAL_NULL_CONVERSION = YES;
				CLANG_WARN_OBJC_IMPLICIT_RETAIN_SELF = YES;
				CLANG_WARN_OBJC_LITERAL_CONVERSION = YES;
				CLANG_WARN_OBJC_ROOT_CLASS = YES_ERROR;
				CLANG_WARN_RANGE_LOOP_ANALYSIS = YES;
				CLANG_WARN_STRICT_PROTOTYPES = YES;
				CLANG_WARN_SUSPICIOUS_MOVE = YES;
				CLANG_WARN_UNREACHABLE_CODE = YES;
				CLANG_WARN__DUPLICATE_METHOD_MATCH = YES;
				CODE_SIGN_IDENTITY = "-";
				CONFIGURATION_BUILD_DIR = "$(PROJECT_DIR)/build/$(CONFIGURATION)$(EFFECTIVE_PLATFORM_NAME)";
				COPY_PHASE_STRIP = NO;
				DEBUG_INFORMATION_FORMAT = "dwarf-with-dsym";
				ENABLE_NS_ASSERTIONS = NO;
				ENABLE_STRICT_OBJC_MSGSEND = YES;
				GCC_C_LANGUAGE_STANDARD = gnu99;
				GCC_NO_COMMON_BLOCKS = YES;
				GCC_WARN_64_TO_32_BIT_CONVERSION = YES;
				GCC_WARN_ABOUT_RETURN_TYPE = YES_ERROR;
				GCC_WARN_UNDECLARED_SELECTOR = YES;
				GCC_WARN_UNINITIALIZED_AUTOS = YES_AGGRESSIVE;
				GCC_WARN_UNUSED_FUNCTION = YES;
				GCC_WARN_UNUSED_VARIABLE = YES;
				"HEADER_SEARCH_PATHS[arch=*]" = $PROJECT_DIR/..;
				MACOSX_DEPLOYMENT_TARGET = 10.12;
				MTL_ENABLE_DEBUG_INFO = NO;
				SDKROOT = macosx;
			};
			name = Release;
		};
		34436D061F642A66004DD16E /* Debug */ = {
			isa = XCBuildConfiguration;
			buildSettings = {
				ASSETCATALOG_COMPILER_APPICON_NAME = AppIcon;
				CLANG_ENABLE_OBJC_ARC = YES;
				COMBINE_HIDPI_IMAGES = YES;
				"HEADER_SEARCH_PATHS[arch=*]" = (
					$PROJECT_DIR/..,
					$PROJECT_DIR/../arctic,
				);
				INFOPLIST_FILE = Info.plist;
				LD_RUNPATH_SEARCH_PATHS = "$(inherited) @executable_path/../Frameworks";
				PRODUCT_BUNDLE_IDENTIFIER = Arctic.simulation_fail_disks;
				PRODUCT_NAME = "$(TARGET_NAME)";
			};
			name = Debug;
		};
		34436D071F642A66004DD16E /* Release */ = {
			isa = XCBuildConfiguration;
			buildSettings = {
				ASSETCATALOG_COMPILER_APPICON_NAME = AppIcon;
				CLANG_ENABLE_OBJC_ARC = YES;
				COMBINE_HIDPI_IMAGES = YES;
				"HEADER_SEARCH_PATHS[arch=*]" = (
					$PROJECT_DIR/..,
					$PROJECT_DIR/../arctic,
				);
				INFOPLIST_FILE = Info.plist;
				LD_RUNPATH_SEARCH_PATHS = "$(inherited) @executable_path/../Frameworks";
				PRODUCT_BUNDLE_IDENTIFIER = Arctic.simulation_fail_disks;
				PRODUCT_NAME = "$(TARGET_NAME)";
			};
			name = Release;
		};
/* End XCBuildConfiguration section */

/* Begin XCConfigurationList section */
		34436CEC1F642A66004DD16E /* Build configuration list for PBXProject "simulation_fail_disks" */ = {
			isa = XCConfigurationList;
			buildConfigurations = (
				34436D031F642A66004DD16E /* Debug */,
				34436D041F642A66004DD16E /* Release */,
			);
			defaultConfigurationIsVisible = 0;
			defaultConfigurationName = Release;
		};
		34436D051F642A66004DD16E /* Build configuration list for PBXNativeTarget "simulation_fail_disks" */ = {
			isa = XCConfigurationList;
			buildConfigurations = (
				34436D061F642A66004DD16E /* Debug */,
				34436D071F642A66004DD16E /* Release */,
			);
			defaultConfigurationIsVisible = 0;
			defaultConfigurationName = Release;
		};
/* End XCConfigurationList section */
	};
	rootObject = 34436CE91F642A66004DD16E /* Project object */;
}
